
Microsoft Visual Studio Solution File, Format Version 12.00
# Visual Studio Version 16
VisualStudioVersion = 16.0.30503.244
MinimumVisualStudioVersion = 10.0.40219.1
Project("{FAE04EC0-301F-11D3-BF4B-00C04F79EFBC}") = "MvcMovie", "MvcMovie.csproj", "{000F91E2-CDF1-4324-BA39-48A786181EAF}"
EndProject
Global
	GlobalSection(SolutionConfigurationPlatforms) = preSolution
		Debug|Any CPU = Debug|Any CPU
		Release|Any CPU = Release|Any CPU
	EndGlobalSection
	GlobalSection(ProjectConfigurationPlatforms) = postSolution
		{000F91E2-CDF1-4324-BA39-48A786181EAF}.Debug|Any CPU.ActiveCfg = Debug|Any CPU
		{000F91E2-CDF1-4324-BA39-48A786181EAF}.Debug|Any CPU.Build.0 = Debug|Any CPU
		{000F91E2-CDF1-4324-BA39-48A786181EAF}.Release|Any CPU.ActiveCfg = Release|Any CPU
		{000F91E2-CDF1-4324-BA39-48A786181EAF}.Release|Any CPU.Build.0 = Release|Any CPU
	EndGlobalSection
	GlobalSection(SolutionProperties) = preSolution
		HideSolutionNode = FALSE
	EndGlobalSection
	GlobalSection(ExtensibilityGlobals) = postSolution
		SolutionGuid = {34439E64-6D3F-4F9A-9287-9CC27BBB4A01}
	EndGlobalSection
EndGlobal
